Microsoft Visual Studio Solution File, Format Version 12.00
# Visual Studio Version 17
VisualStudioVersion = 17.8.0.0
MinimumVisualStudioVersion = 17.8.0.0
Project("{9A19103F-16F7-4668-BE54-9A1E7A4F7556}") = "demo-1.AppHost", "demo-1.AppHost\demo-1.AppHost.csproj", "{532FEF18-4695-46AB-B2AD-7FB796D06690}"
EndProject
Project("{9A19103F-16F7-4668-BE54-9A1E7A4F7556}") = "demo-1.ServiceDefaults", "demo-1.ServiceDefaults\demo-1.ServiceDefaults.csproj", "{21F09FC6-0126-4D77-ACD4-F4DFF95ECC8B}"
EndProject
Project("{9A19103F-16F7-4668-BE54-9A1E7A4F7556}") = "demo-1.ApiService", "demo-1.ApiService\demo-1.ApiService.csproj", "{4F946849-1D3A-4E54-BCE1-F49D6318B428}"
EndProject
Project("{9A19103F-16F7-4668-BE54-9A1E7A4F7556}") = "demo-1.Web", "demo-1.Web\demo-1.Web.csproj", "{E2505BD8-782A-4645-AA14-AB1D8D637C5A}"
EndProject
Global
	GlobalSection(SolutionConfigurationPlatforms) = preSolution
		Debug|Any CPU = Debug|Any CPU
		Release|Any CPU = Release|Any CPU
	EndGlobalSection
	GlobalSection(ProjectConfigurationPlatforms) = postSolution
		{532FEF18-4695-46AB-B2AD-7FB796D06690}.Debug|Any CPU.ActiveCfg = Debug|Any CPU
		{532FEF18-4695-46AB-B2AD-7FB796D06690}.Debug|Any CPU.Build.0 = Debug|Any CPU
		{532FEF18-4695-46AB-B2AD-7FB796D06690}.Release|Any CPU.ActiveCfg = Release|Any CPU
		{532FEF18-4695-46AB-B2AD-7FB796D06690}.Release|Any CPU.Build.0 = Release|Any CPU
		{21F09FC6-0126-4D77-ACD4-F4DFF95ECC8B}.Debug|Any CPU.ActiveCfg = Debug|Any CPU
		{21F09FC6-0126-4D77-ACD4-F4DFF95ECC8B}.Debug|Any CPU.Build.0 = Debug|Any CPU
		{21F09FC6-0126-4D77-ACD4-F4DFF95ECC8B}.Release|Any CPU.ActiveCfg = Release|Any CPU
		{21F09FC6-0126-4D77-ACD4-F4DFF95ECC8B}.Release|Any CPU.Build.0 = Release|Any CPU
		{4F946849-1D3A-4E54-BCE1-F49D6318B428}.Debug|Any CPU.ActiveCfg = Debug|Any CPU
		{4F946849-1D3A-4E54-BCE1-F49D6318B428}.Debug|Any CPU.Build.0 = Debug|Any CPU
		{4F946849-1D3A-4E54-BCE1-F49D6318B428}.Release|Any CPU.ActiveCfg = Release|Any CPU
		{4F946849-1D3A-4E54-BCE1-F49D6318B428}.Release|Any CPU.Build.0 = Release|Any CPU
		{E2505BD8-782A-4645-AA14-AB1D8D637C5A}.Debug|Any CPU.ActiveCfg = Debug|Any CPU
		{E2505BD8-782A-4645-AA14-AB1D8D637C5A}.Debug|Any CPU.Build.0 = Debug|Any CPU
		{E2505BD8-782A-4645-AA14-AB1D8D637C5A}.Release|Any CPU.ActiveCfg = Release|Any CPU
		{E2505BD8-782A-4645-AA14-AB1D8D637C5A}.Release|Any CPU.Build.0 = Release|Any CPU
	EndGlobalSection
	GlobalSection(SolutionProperties) = preSolution
		HideSolutionNode = FALSE
	EndGlobalSection
	GlobalSection(ExtensibilityGlobals) = postSolution
		SolutionGuid = {BB3DC239-BFA9-421A-8BC6-C5B75565EF2C}
	EndGlobalSection
EndGlobal
